// !$*UTF8*$!
{
	archiveVersion = 1;
	classes = {
	};
	objectVersion = 51;
	objects = {

/* Begin PBXBuildFile section */
		2203154925F5B4680064B8D8 /* AppDelegate.swift in Sources */ = {isa = PBXBuildFile; fileRef = 2203154825F5B4680064B8D8 /* AppDelegate.swift */; };
		2203154B25F5B4680064B8D8 /* SceneDelegate.swift in Sources */ = {isa = PBXBuildFile; fileRef = 2203154A25F5B4680064B8D8 /* SceneDelegate.swift */; };
		2203154D25F5B4680064B8D8 /* ViewController.swift in Sources */ = {isa = PBXBuildFile; fileRef = 2203154C25F5B4680064B8D8 /* ViewController.swift */; };
		2203155025F5B4680064B8D8 /* Main.storyboard in Resources */ = {isa = PBXBuildFile; fileRef = 2203154E25F5B4680064B8D8 /* Main.storyboard */; };
		2203155225F5B4910064B8D8 /* Assets.xcassets in Resources */ = {isa = PBXBuildFile; fileRef = 2203155125F5B4910064B8D8 /* Assets.xcassets */; };
		2203155525F5B4910064B8D8 /* LaunchScreen.storyboard in Resources */ = {isa = PBXBuildFile; fileRef = 2203155325F5B4910064B8D8 /* LaunchScreen.storyboard */; };
		2203156725F5B5D80064B8D8 /* ICKCalendarViewController.swift in Sources */ = {isa = PBXBuildFile; fileRef = 2203156625F5B5D80064B8D8 /* ICKCalendarViewController.swift */; };
		2203156F25F5B6BD0064B8D8 /* ICKCalendarView.swift in Sources */ = {isa = PBXBuildFile; fileRef = 2203156E25F5B6BD0064B8D8 /* ICKCalendarView.swift */; };
		2203157325F5B6D80064B8D8 /* ICKCalendarViewDelegate.swift in Sources */ = {isa = PBXBuildFile; fileRef = 2203157225F5B6D80064B8D8 /* ICKCalendarViewDelegate.swift */; };
		2203157625F5B6F20064B8D8 /* ICKCalendarDateCell.swift in Sources */ = {isa = PBXBuildFile; fileRef = 2203157525F5B6F20064B8D8 /* ICKCalendarDateCell.swift */; };
		22BD13E425FF459900FCD74B /* ICKCalendar.swift in Sources */ = {isa = PBXBuildFile; fileRef = 22BD13E325FF459900FCD74B /* ICKCalendar.swift */; };
		22BD13E725FF4B5600FCD74B /* ICKDate.swift in Sources */ = {isa = PBXBuildFile; fileRef = 22BD13E625FF4B5600FCD74B /* ICKDate.swift */; };
		4210AB8E0BAA2D495F3D5A12 /* Pods_Ichika.framework in Frameworks */ = {isa = PBXBuildFile; fileRef = 22E8CA9BAEE773F01485F248 /* Pods_Ichika.framework */; };
/* End PBXBuildFile section */

/* Begin PBXFileReference section */
		2203154525F5B4680064B8D8 /* Ichika.app */ = {isa = PBXFileReference; explicitFileType = wrapper.application; includeInIndex = 0; path = Ichika.app; sourceTree = BUILT_PRODUCTS_DIR; };
		2203154825F5B4680064B8D8 /* AppDelegate.swift */ = {isa = PBXFileReference; lastKnownFileType = sourcecode.swift; path = AppDelegate.swift; sourceTree = "<group>"; };
		2203154A25F5B4680064B8D8 /* SceneDelegate.swift */ = {isa = PBXFileReference; lastKnownFileType = sourcecode.swift; path = SceneDelegate.swift; sourceTree = "<group>"; };
		2203154C25F5B4680064B8D8 /* ViewController.swift */ = {isa = PBXFileReference; lastKnownFileType = sourcecode.swift; path = ViewController.swift; sourceTree = "<group>"; };
		2203154F25F5B4680064B8D8 /* Base */ = {isa = PBXFileReference; lastKnownFileType = file.storyboard; name = Base; path = Base.lproj/Main.storyboard; sourceTree = "<group>"; };
		2203155125F5B4910064B8D8 /* Assets.xcassets */ = {isa = PBXFileReference; lastKnownFileType = folder.assetcatalog; path = Assets.xcassets; sourceTree = "<group>"; };
		2203155425F5B4910064B8D8 /* Base */ = {isa = PBXFileReference; lastKnownFileType = file.storyboard; name = Base; path = Base.lproj/LaunchScreen.storyboard; sourceTree = "<group>"; };
		2203155625F5B4910064B8D8 /* Info.plist */ = {isa = PBXFileReference; lastKnownFileType = text.plist.xml; path = Info.plist; sourceTree = "<group>"; };
		2203156625F5B5D80064B8D8 /* ICKCalendarViewController.swift */ = {isa = PBXFileReference; lastKnownFileType = sourcecode.swift; path = ICKCalendarViewController.swift; sourceTree = "<group>"; };
		2203156E25F5B6BD0064B8D8 /* ICKCalendarView.swift */ = {isa = PBXFileReference; lastKnownFileType = sourcecode.swift; path = ICKCalendarView.swift; sourceTree = "<group>"; };
		2203157225F5B6D80064B8D8 /* ICKCalendarViewDelegate.swift */ = {isa = PBXFileReference; lastKnownFileType = sourcecode.swift; path = ICKCalendarViewDelegate.swift; sourceTree = "<group>"; };
		2203157525F5B6F20064B8D8 /* ICKCalendarDateCell.swift */ = {isa = PBXFileReference; lastKnownFileType = sourcecode.swift; path = ICKCalendarDateCell.swift; sourceTree = "<group>"; };
		22BD13E325FF459900FCD74B /* ICKCalendar.swift */ = {isa = PBXFileReference; lastKnownFileType = sourcecode.swift; path = ICKCalendar.swift; sourceTree = "<group>"; };
		22BD13E625FF4B5600FCD74B /* ICKDate.swift */ = {isa = PBXFileReference; lastKnownFileType = sourcecode.swift; path = ICKDate.swift; sourceTree = "<group>"; };
		22E8CA9BAEE773F01485F248 /* Pods_Ichika.framework */ = {isa = PBXFileReference; explicitFileType = wrapper.framework; includeInIndex = 0; path = Pods_Ichika.framework; sourceTree = BUILT_PRODUCTS_DIR; };
		43B26A0B115C9C8B387DBA82 /* Pods-Ichika.debug.xcconfig */ = {isa = PBXFileReference; includeInIndex = 1; lastKnownFileType = text.xcconfig; name = "Pods-Ichika.debug.xcconfig"; path = "Target Support Files/Pods-Ichika/Pods-Ichika.debug.xcconfig"; sourceTree = "<group>"; };
		71D73BE32D8DD37564CB6EE6 /* Pods-Ichika.release.xcconfig */ = {isa = PBXFileReference; includeInIndex = 1; lastKnownFileType = text.xcconfig; name = "Pods-Ichika.release.xcconfig"; path = "Target Support Files/Pods-Ichika/Pods-Ichika.release.xcconfig"; sourceTree = "<group>"; };
/* End PBXFileReference section */

/* Begin PBXFrameworksBuildPhase section */
		2203154225F5B4680064B8D8 /* Frameworks */ = {
			isa = PBXFrameworksBuildPhase;
			buildActionMask = 2147483647;
			files = (
				4210AB8E0BAA2D495F3D5A12 /* Pods_Ichika.framework in Frameworks */,
			);
			runOnlyForDeploymentPostprocessing = 0;
		};
/* End PBXFrameworksBuildPhase section */

/* Begin PBXGroup section */
		2203153C25F5B4680064B8D8 = {
			isa = PBXGroup;
			children = (
				2203154725F5B4680064B8D8 /* Ichika */,
				2203154625F5B4680064B8D8 /* Products */,
				BC6AE55789C841CFC7A7EF39 /* Pods */,
				3AC8733126153CB7B280AD13 /* Frameworks */,
			);
			sourceTree = "<group>";
		};
		2203154625F5B4680064B8D8 /* Products */ = {
			isa = PBXGroup;
			children = (
				2203154525F5B4680064B8D8 /* Ichika.app */,
			);
			name = Products;
			sourceTree = "<group>";
		};
		2203154725F5B4680064B8D8 /* Ichika */ = {
			isa = PBXGroup;
			children = (
				2203156C25F5B66C0064B8D8 /* Main */,
				2203156D25F5B6870064B8D8 /* ICKCalendar */,
				2203154825F5B4680064B8D8 /* AppDelegate.swift */,
				2203154A25F5B4680064B8D8 /* SceneDelegate.swift */,
				2203154C25F5B4680064B8D8 /* ViewController.swift */,
				2203154E25F5B4680064B8D8 /* Main.storyboard */,
				2203155125F5B4910064B8D8 /* Assets.xcassets */,
				2203155325F5B4910064B8D8 /* LaunchScreen.storyboard */,
				2203155625F5B4910064B8D8 /* Info.plist */,
			);
			path = Ichika;
			sourceTree = "<group>";
		};
		2203156C25F5B66C0064B8D8 /* Main */ = {
			isa = PBXGroup;
			children = (
				2203156625F5B5D80064B8D8 /* ICKCalendarViewController.swift */,
			);
			path = Main;
			sourceTree = "<group>";
		};
		2203156D25F5B6870064B8D8 /* ICKCalendar */ = {
			isa = PBXGroup;
			children = (
				2203156E25F5B6BD0064B8D8 /* ICKCalendarView.swift */,
				2203157225F5B6D80064B8D8 /* ICKCalendarViewDelegate.swift */,
				2203157525F5B6F20064B8D8 /* ICKCalendarDateCell.swift */,
				22BD13E325FF459900FCD74B /* ICKCalendar.swift */,
				22BD13E625FF4B5600FCD74B /* ICKDate.swift */,
			);
			path = ICKCalendar;
			sourceTree = "<group>";
		};
		3AC8733126153CB7B280AD13 /* Frameworks */ = {
			isa = PBXGroup;
			children = (
				22E8CA9BAEE773F01485F248 /* Pods_Ichika.framework */,
			);
			name = Frameworks;
			sourceTree = "<group>";
		};
		BC6AE55789C841CFC7A7EF39 /* Pods */ = {
			isa = PBXGroup;
			children = (
				43B26A0B115C9C8B387DBA82 /* Pods-Ichika.debug.xcconfig */,
				71D73BE32D8DD37564CB6EE6 /* Pods-Ichika.release.xcconfig */,
			);
			path = Pods;
			sourceTree = "<group>";
		};
/* End PBXGroup section */

/* Begin PBXNativeTarget section */
		2203154425F5B4680064B8D8 /* Ichika */ = {
			isa = PBXNativeTarget;
			buildConfigurationList = 2203155925F5B4910064B8D8 /* Build configuration list for PBXNativeTarget "Ichika" */;
			buildPhases = (
				F0B747745A03793CDE2CEF9C /* [CP] Check Pods Manifest.lock */,
				2203154125F5B4680064B8D8 /* Sources */,
				2203154225F5B4680064B8D8 /* Frameworks */,
				2203154325F5B4680064B8D8 /* Resources */,
				3CA4CE22F718621EB31EE983 /* [CP] Embed Pods Frameworks */,
			);
			buildRules = (
			);
			dependencies = (
			);
			name = Ichika;
			productName = Ichika;
			productReference = 2203154525F5B4680064B8D8 /* Ichika.app */;
			productType = "com.apple.product-type.application";
		};
/* End PBXNativeTarget section */

/* Begin PBXProject section */
		2203153D25F5B4680064B8D8 /* Project object */ = {
			isa = PBXProject;
			attributes = {
				LastSwiftUpdateCheck = 1220;
				LastUpgradeCheck = 1220;
				TargetAttributes = {
					2203154425F5B4680064B8D8 = {
						CreatedOnToolsVersion = 12.2;
					};
				};
			};
			buildConfigurationList = 2203154025F5B4680064B8D8 /* Build configuration list for PBXProject "Ichika" */;
			compatibilityVersion = "Xcode 9.3";
			developmentRegion = en;
			hasScannedForEncodings = 0;
			knownRegions = (
				en,
				Base,
			);
			mainGroup = 2203153C25F5B4680064B8D8;
			productRefGroup = 2203154625F5B4680064B8D8 /* Products */;
			projectDirPath = "";
			projectRoot = "";
			targets = (
				2203154425F5B4680064B8D8 /* Ichika */,
			);
		};
/* End PBXProject section */

/* Begin PBXResourcesBuildPhase section */
		2203154325F5B4680064B8D8 /* Resources */ = {
			isa = PBXResourcesBuildPhase;
			buildActionMask = 2147483647;
			files = (
				2203155525F5B4910064B8D8 /* LaunchScreen.storyboard in Resources */,
				2203155225F5B4910064B8D8 /* Assets.xcassets in Resources */,
				2203155025F5B4680064B8D8 /* Main.storyboard in Resources */,
			);
			runOnlyForDeploymentPostprocessing = 0;
		};
/* End PBXResourcesBuildPhase section */

/* Begin PBXShellScriptBuildPhase section */
		3CA4CE22F718621EB31EE983 /* [CP] Embed Pods Frameworks */ = {
			isa = PBXShellScriptBuildPhase;
			buildActionMask = 2147483647;
			files = (
			);
			inputFileListPaths = (
				"${PODS_ROOT}/Target Support Files/Pods-Ichika/Pods-Ichika-frameworks-${CONFIGURATION}-input-files.xcfilelist",
			);
			name = "[CP] Embed Pods Frameworks";
			outputFileListPaths = (
				"${PODS_ROOT}/Target Support Files/Pods-Ichika/Pods-Ichika-frameworks-${CONFIGURATION}-output-files.xcfilelist",
			);
			runOnlyForDeploymentPostprocessing = 0;
			shellPath = /bin/sh;
			shellScript = "\"${PODS_ROOT}/Target Support Files/Pods-Ichika/Pods-Ichika-frameworks.sh\"\n";
			showEnvVarsInLog = 0;
		};
		F0B747745A03793CDE2CEF9C /* [CP] Check Pods Manifest.lock */ = {
			isa = PBXShellScriptBuildPhase;
			buildActionMask = 2147483647;
			files = (
			);
			inputFileListPaths = (
			);
			inputPaths = (
				"${PODS_PODFILE_DIR_PATH}/Podfile.lock",
				"${PODS_ROOT}/Manifest.lock",
			);
			name = "[CP] Check Pods Manifest.lock";
			outputFileListPaths = (
			);
			outputPaths = (
				"$(DERIVED_FILE_DIR)/Pods-Ichika-checkManifestLockResult.txt",
			);
			runOnlyForDeploymentPostprocessing = 0;
			shellPath = /bin/sh;
			shellScript = "diff \"${PODS_PODFILE_DIR_PATH}/Podfile.lock\" \"${PODS_ROOT}/Manifest.lock\" > /dev/null\nif [ $? != 0 ] ; then\n    # print error to STDERR\n    echo \"error: The sandbox is not in sync with the Podfile.lock. Run 'pod install' or update your CocoaPods installation.\" >&2\n    exit 1\nfi\n# This output is used by Xcode 'outputs' to avoid re-running this script phase.\necho \"SUCCESS\" > \"${SCRIPT_OUTPUT_FILE_0}\"\n";
			showEnvVarsInLog = 0;
		};
/* End PBXShellScriptBuildPhase section */

/* Begin PBXSourcesBuildPhase section */
		2203154125F5B4680064B8D8 /* Sources */ = {
			isa = PBXSourcesBuildPhase;
			buildActionMask = 2147483647;
			files = (
				2203154D25F5B4680064B8D8 /* ViewController.swift in Sources */,
				2203157325F5B6D80064B8D8 /* ICKCalendarViewDelegate.swift in Sources */,
				2203154925F5B4680064B8D8 /* AppDelegate.swift in Sources */,
				22BD13E725FF4B5600FCD74B /* ICKDate.swift in Sources */,
				2203157625F5B6F20064B8D8 /* ICKCalendarDateCell.swift in Sources */,
				2203156725F5B5D80064B8D8 /* ICKCalendarViewController.swift in Sources */,
				22BD13E425FF459900FCD74B /* ICKCalendar.swift in Sources */,
				2203156F25F5B6BD0064B8D8 /* ICKCalendarView.swift in Sources */,
				2203154B25F5B4680064B8D8 /* SceneDelegate.swift in Sources */,
			);
			runOnlyForDeploymentPostprocessing = 0;
		};
/* End PBXSourcesBuildPhase section */

/* Begin PBXVariantGroup section */
		2203154E25F5B4680064B8D8 /* Main.storyboard */ = {
			isa = PBXVariantGroup;
			children = (
				2203154F25F5B4680064B8D8 /* Base */,
			);
			name = Main.storyboard;
			sourceTree = "<group>";
		};
		2203155325F5B4910064B8D8 /* LaunchScreen.storyboard */ = {
			isa = PBXVariantGroup;
			children = (
				2203155425F5B4910064B8D8 /* Base */,
			);
			name = LaunchScreen.storyboard;
			sourceTree = "<group>";
		};
/* End PBXVariantGroup section */

/* Begin XCBuildConfiguration section */
		2203155725F5B4910064B8D8 /* Debug */ = {
			isa = XCBuildConfiguration;
			buildSettings = {
				ALWAYS_SEARCH_USER_PATHS = NO;
				CLANG_ANALYZER_NONNULL = YES;
				CLANG_ANALYZER_NUMBER_OBJECT_CONVERSION = YES_AGGRESSIVE;
				CLANG_CXX_LANGUAGE_STANDARD = "gnu++14";
				CLANG_CXX_LIBRARY = "libc++";
				CLANG_ENABLE_MODULES = YES;
				CLANG_ENABLE_OBJC_ARC = YES;
				CLANG_ENABLE_OBJC_WEAK = YES;
				CLANG_WARN_BLOCK_CAPTURE_AUTORELEASING = YES;
				CLANG_WARN_BOOL_CONVERSION = YES;
				CLANG_WARN_COMMA = YES;
				CLANG_WARN_CONSTANT_CONVERSION = YES;
				CLANG_WARN_DEPRECATED_OBJC_IMPLEMENTATIONS = YES;
				CLANG_WARN_DIRECT_OBJC_ISA_USAGE = YES_ERROR;
				CLANG_WARN_DOCUMENTATION_COMMENTS = YES;
				CLANG_WARN_EMPTY_BODY = YES;
				CLANG_WARN_ENUM_CONVERSION = YES;
				CLANG_WARN_INFINITE_RECURSION = YES;
				CLANG_WARN_INT_CONVERSION = YES;
				CLANG_WARN_NON_LITERAL_NULL_CONVERSION = YES;
				CLANG_WARN_OBJC_IMPLICIT_RETAIN_SELF = YES;
				CLANG_WARN_OBJC_LITERAL_CONVERSION = YES;
				CLANG_WARN_OBJC_ROOT_CLASS = YES_ERROR;
				CLANG_WARN_QUOTED_INCLUDE_IN_FRAMEWORK_HEADER = YES;
				CLANG_WARN_RANGE_LOOP_ANALYSIS = YES;
				CLANG_WARN_STRICT_PROTOTYPES = YES;
				CLANG_WARN_SUSPICIOUS_MOVE = YES;
				CLANG_WARN_UNGUARDED_AVAILABILITY = YES_AGGRESSIVE;
				CLANG_WARN_UNREACHABLE_CODE = YES;
				CLANG_WARN__DUPLICATE_METHOD_MATCH = YES;
				COPY_PHASE_STRIP = NO;
				DEBUG_INFORMATION_FORMAT = dwarf;
				ENABLE_STRICT_OBJC_MSGSEND = YES;
				ENABLE_TESTABILITY = YES;
				GCC_C_LANGUAGE_STANDARD = gnu11;
				GCC_DYNAMIC_NO_PIC = NO;
				GCC_NO_COMMON_BLOCKS = YES;
				GCC_OPTIMIZATION_LEVEL = 0;
				GCC_PREPROCESSOR_DEFINITIONS = (
					"DEBUG=1",
					"$(inherited)",
				);
				GCC_WARN_64_TO_32_BIT_CONVERSION = YES;
				GCC_WARN_ABOUT_RETURN_TYPE = YES_ERROR;
				GCC_WARN_UNDECLARED_SELECTOR = YES;
				GCC_WARN_UNINITIALIZED_AUTOS = YES_AGGRESSIVE;
				GCC_WARN_UNUSED_FUNCTION = YES;
				GCC_WARN_UNUSED_VARIABLE = YES;
				IPHONEOS_DEPLOYMENT_TARGET = 14.2;
				MTL_ENABLE_DEBUG_INFO = INCLUDE_SOURCE;
				MTL_FAST_MATH = YES;
				ONLY_ACTIVE_ARCH = YES;
				SDKROOT = iphoneos;
				SWIFT_ACTIVE_COMPILATION_CONDITIONS = DEBUG;
				SWIFT_OPTIMIZATION_LEVEL = "-Onone";
			};
			name = Debug;
		};
		2203155825F5B4910064B8D8 /* Release */ = {
			isa = XCBuildConfiguration;
			buildSettings = {
				ALWAYS_SEARCH_USER_PATHS = NO;
				CLANG_ANALYZER_NONNULL = YES;
				CLANG_ANALYZER_NUMBER_OBJECT_CONVERSION = YES_AGGRESSIVE;
				CLANG_CXX_LANGUAGE_STANDARD = "gnu++14";
				CLANG_CXX_LIBRARY = "libc++";
				CLANG_ENABLE_MODULES = YES;
				CLANG_ENABLE_OBJC_ARC = YES;
				CLANG_ENABLE_OBJC_WEAK = YES;
				CLANG_WARN_BLOCK_CAPTURE_AUTORELEASING = YES;
				CLANG_WARN_BOOL_CONVERSION = YES;
				CLANG_WARN_COMMA = YES;
				CLANG_WARN_CONSTANT_CONVERSION = YES;
				CLANG_WARN_DEPRECATED_OBJC_IMPLEMENTATIONS = YES;
				CLANG_WARN_DIRECT_OBJC_ISA_USAGE = YES_ERROR;
				CLANG_WARN_DOCUMENTATION_COMMENTS = YES;
				CLANG_WARN_EMPTY_BODY = YES;
				CLANG_WARN_ENUM_CONVERSION = YES;
				CLANG_WARN_INFINITE_RECURSION = YES;
				CLANG_WARN_INT_CONVERSION = YES;
				CLANG_WARN_NON_LITERAL_NULL_CONVERSION = YES;
				CLANG_WARN_OBJC_IMPLICIT_RETAIN_SELF = YES;
				CLANG_WARN_OBJC_LITERAL_CONVERSION = YES;
				CLANG_WARN_OBJC_ROOT_CLASS = YES_ERROR;
				CLANG_WARN_QUOTED_INCLUDE_IN_FRAMEWORK_HEADER = YES;
				CLANG_WARN_RANGE_LOOP_ANALYSIS = YES;
				CLANG_WARN_STRICT_PROTOTYPES = YES;
				CLANG_WARN_SUSPICIOUS_MOVE = YES;
				CLANG_WARN_UNGUARDED_AVAILABILITY = YES_AGGRESSIVE;
				CLANG_WARN_UNREACHABLE_CODE = YES;
				CLANG_WARN__DUPLICATE_METHOD_MATCH = YES;
				COPY_PHASE_STRIP = NO;
				DEBUG_INFORMATION_FORMAT = "dwarf-with-dsym";
				ENABLE_NS_ASSERTIONS = NO;
				ENABLE_STRICT_OBJC_MSGSEND = YES;
				GCC_C_LANGUAGE_STANDARD = gnu11;
				GCC_NO_COMMON_BLOCKS = YES;
				GCC_WARN_64_TO_32_BIT_CONVERSION = YES;
				GCC_WARN_ABOUT_RETURN_TYPE = YES_ERROR;
				GCC_WARN_UNDECLARED_SELECTOR = YES;
				GCC_WARN_UNINITIALIZED_AUTOS = YES_AGGRESSIVE;
				GCC_WARN_UNUSED_FUNCTION = YES;
				GCC_WARN_UNUSED_VARIABLE = YES;
				IPHONEOS_DEPLOYMENT_TARGET = 14.2;
				MTL_ENABLE_DEBUG_INFO = NO;
				MTL_FAST_MATH = YES;
				SDKROOT = iphoneos;
				SWIFT_COMPILATION_MODE = wholemodule;
				SWIFT_OPTIMIZATION_LEVEL = "-O";
				VALIDATE_PRODUCT = YES;
			};
			name = Release;
		};
		2203155A25F5B4910064B8D8 /* Debug */ = {
			isa = XCBuildConfiguration;
			baseConfigurationReference = 43B26A0B115C9C8B387DBA82 /* Pods-Ichika.debug.xcconfig */;
			buildSettings = {
				ASSETCATALOG_COMPILER_APPICON_NAME = AppIcon;
				ASSETCATALOG_COMPILER_GLOBAL_ACCENT_COLOR_NAME = AccentColor;
				CODE_SIGN_STYLE = Automatic;
				DEVELOPMENT_TEAM = B7AM928UT8;
				INFOPLIST_FILE = Ichika/Info.plist;
				IPHONEOS_DEPLOYMENT_TARGET = 14.0;
				LD_RUNPATH_SEARCH_PATHS = (
					"$(inherited)",
					"@executable_path/Frameworks",
				);
				PRODUCT_BUNDLE_IDENTIFIER = com.grass.shizuku.Ichika;
				PRODUCT_NAME = "$(TARGET_NAME)";
				SWIFT_VERSION = 5.0;
				TARGETED_DEVICE_FAMILY = "1,2";
			};
			name = Debug;
		};
		2203155B25F5B4910064B8D8 /* Release */ = {
			isa = XCBuildConfiguration;
			baseConfigurationReference = 71D73BE32D8DD37564CB6EE6 /* Pods-Ichika.release.xcconfig */;
			buildSettings = {
				ASSETCATALOG_COMPILER_APPICON_NAME = AppIcon;
				ASSETCATALOG_COMPILER_GLOBAL_ACCENT_COLOR_NAME = AccentColor;
				CODE_SIGN_STYLE = Automatic;
				DEVELOPMENT_TEAM = B7AM928UT8;
				INFOPLIST_FILE = Ichika/Info.plist;
				IPHONEOS_DEPLOYMENT_TARGET = 14.0;
				LD_RUNPATH_SEARCH_PATHS = (
					"$(inherited)",
					"@executable_path/Frameworks",
				);
				PRODUCT_BUNDLE_IDENTIFIER = com.grass.shizuku.Ichika;
				PRODUCT_NAME = "$(TARGET_NAME)";
				SWIFT_VERSION = 5.0;
				TARGETED_DEVICE_FAMILY = "1,2";
			};
			name = Release;
		};
/* End XCBuildConfiguration section */

/* Begin XCConfigurationList section */
		2203154025F5B4680064B8D8 /* Build configuration list for PBXProject "Ichika" */ = {
			isa = XCConfigurationList;
			buildConfigurations = (
				2203155725F5B4910064B8D8 /* Debug */,
				2203155825F5B4910064B8D8 /* Release */,
			);
			defaultConfigurationIsVisible = 0;
			defaultConfigurationName = Release;
		};
		2203155925F5B4910064B8D8 /* Build configuration list for PBXNativeTarget "Ichika" */ = {
			isa = XCConfigurationList;
			buildConfigurations = (
				2203155A25F5B4910064B8D8 /* Debug */,
				2203155B25F5B4910064B8D8 /* Release */,
			);
			defaultConfigurationIsVisible = 0;
			defaultConfigurationName = Release;
		};
/* End XCConfigurationList section */
	};
	rootObject = 2203153D25F5B4680064B8D8 /* Project object */;
}
